Microsoft Visual Studio Solution File, Format Version 12.00
# Visual Studio Version 17
VisualStudioVersion = 17.5.2.0
MinimumVisualStudioVersion = 10.0.40219.1
Project("{FAE04EC0-301F-11D3-BF4B-00C04F79EFBC}") = "c# day 4 task", "c# day 4 task.csproj", "{DDD5B3BF-2587-E6BE-52DF-EFF89C4C50BA}"
EndProject
Global
	GlobalSection(SolutionConfigurationPlatforms) = preSolution
		Debug|Any CPU = Debug|Any CPU
		Release|Any CPU = Release|Any CPU
	EndGlobalSection
	GlobalSection(ProjectConfigurationPlatforms) = postSolution
		{DDD5B3BF-2587-E6BE-52DF-EFF89C4C50BA}.Debug|Any CPU.ActiveCfg = Debug|Any CPU
		{DDD5B3BF-2587-E6BE-52DF-EFF89C4C50BA}.Debug|Any CPU.Build.0 = Debug|Any CPU
		{DDD5B3BF-2587-E6BE-52DF-EFF89C4C50BA}.Release|Any CPU.ActiveCfg = Release|Any CPU
		{DDD5B3BF-2587-E6BE-52DF-EFF89C4C50BA}.Release|Any CPU.Build.0 = Release|Any CPU
	EndGlobalSection
	GlobalSection(SolutionProperties) = preSolution
		HideSolutionNode = FALSE
	EndGlobalSection
	GlobalSection(ExtensibilityGlobals) = postSolution
		SolutionGuid = {5E376291-EB08-4294-9C26-1B2C32AC8851}
	EndGlobalSection
EndGlobal
